
Microsoft Visual Studio Solution File, Format Version 12.00
# Visual Studio 15
VisualStudioVersion = 15.0.26228.4
MinimumVisualStudioVersion = 10.0.40219.1
Project("{2150E333-8FDC-42A3-9474-1A3956D46DE8}") = "src", "src", "{9BFDBA2A-687E-42A9-B7EF-8374EEF66BE7}"
EndProject
Project("{2150E333-8FDC-42A3-9474-1A3956D46DE8}") = "Solution Items", "Solution Items", "{B4881988-4E34-4583-B445-3CCE4324448A}"
	ProjectSection(SolutionItems) = preProject
		appveyor.yml = appveyor.yml
		README.md = README.md
	EndProjectSection
EndProject
Project("{2150E333-8FDC-42A3-9474-1A3956D46DE8}") = "test", "test", "{CBDBE04D-3098-432B-B90E-B4BE55DAE664}"
EndProject
Project("{9A19103F-16F7-4668-BE54-9A1E7A4F7556}") = "Narochno.Jenkins", "src\Narochno.Jenkins\Narochno.Jenkins.csproj", "{D6E0B526-20D4-4B98-8140-C65D6EBB6D94}"
EndProject
Project("{9A19103F-16F7-4668-BE54-9A1E7A4F7556}") = "Narochno.Jenkins.Tester", "test\Narochno.Jenkins.Tester\Narochno.Jenkins.Tester.csproj", "{8A7BE42C-5139-45EF-B532-A99E45ABA613}"
EndProject
Project("{9A19103F-16F7-4668-BE54-9A1E7A4F7556}") = "Narochno.Primitives", "src\Narochno.Primitives\Narochno.Primitives.csproj", "{5CA96804-E0AE-4715-9C44-DA003CB462F2}"
EndProject
Project("{9A19103F-16F7-4668-BE54-9A1E7A4F7556}") = "Narochno.Primitives.Json", "src\Narochno.Primitives.Json\Narochno.Primitives.Json.csproj", "{1F5BBF1C-0981-4D60-8776-E5FF336A90CC}"
EndProject
Project("{FAE04EC0-301F-11D3-BF4B-00C04F79EFBC}") = "Narochno.Jenkins.Net", "src\Narochno.Jenkins.Net\Narochno.Jenkins.Net.csproj", "{EEB0F685-F608-474E-8F99-2EAB249F525E}"
EndProject
Global
	GlobalSection(SolutionConfigurationPlatforms) = preSolution
		Debug|Any CPU = Debug|Any CPU
		Release|Any CPU = Release|Any CPU
	EndGlobalSection
	GlobalSection(ProjectConfigurationPlatforms) = postSolution
		{D6E0B526-20D4-4B98-8140-C65D6EBB6D94}.Debug|Any CPU.ActiveCfg = Debug|Any CPU
		{D6E0B526-20D4-4B98-8140-C65D6EBB6D94}.Debug|Any CPU.Build.0 = Debug|Any CPU
		{D6E0B526-20D4-4B98-8140-C65D6EBB6D94}.Release|Any CPU.ActiveCfg = Release|Any CPU
		{D6E0B526-20D4-4B98-8140-C65D6EBB6D94}.Release|Any CPU.Build.0 = Release|Any CPU
		{8A7BE42C-5139-45EF-B532-A99E45ABA613}.Debug|Any CPU.ActiveCfg = Debug|Any CPU
		{8A7BE42C-5139-45EF-B532-A99E45ABA613}.Debug|Any CPU.Build.0 = Debug|Any CPU
		{8A7BE42C-5139-45EF-B532-A99E45ABA613}.Release|Any CPU.ActiveCfg = Release|Any CPU
		{8A7BE42C-5139-45EF-B532-A99E45ABA613}.Release|Any CPU.Build.0 = Release|Any CPU
		{5CA96804-E0AE-4715-9C44-DA003CB462F2}.Debug|Any CPU.ActiveCfg = Debug|Any CPU
		{5CA96804-E0AE-4715-9C44-DA003CB462F2}.Debug|Any CPU.Build.0 = Debug|Any CPU
		{5CA96804-E0AE-4715-9C44-DA003CB462F2}.Release|Any CPU.ActiveCfg = Release|Any CPU
		{5CA96804-E0AE-4715-9C44-DA003CB462F2}.Release|Any CPU.Build.0 = Release|Any CPU
		{1F5BBF1C-0981-4D60-8776-E5FF336A90CC}.Debug|Any CPU.ActiveCfg = Debug|Any CPU
		{1F5BBF1C-0981-4D60-8776-E5FF336A90CC}.Debug|Any CPU.Build.0 = Debug|Any CPU
		{1F5BBF1C-0981-4D60-8776-E5FF336A90CC}.Release|Any CPU.ActiveCfg = Release|Any CPU
		{1F5BBF1C-0981-4D60-8776-E5FF336A90CC}.Release|Any CPU.Build.0 = Release|Any CPU
		{EEB0F685-F608-474E-8F99-2EAB249F525E}.Debug|Any CPU.ActiveCfg = Debug|Any CPU
		{EEB0F685-F608-474E-8F99-2EAB249F525E}.Debug|Any CPU.Build.0 = Debug|Any CPU
		{EEB0F685-F608-474E-8F99-2EAB249F525E}.Release|Any CPU.ActiveCfg = Release|Any CPU
		{EEB0F685-F608-474E-8F99-2EAB249F525E}.Release|Any CPU.Build.0 = Release|Any CPU
	EndGlobalSection
	GlobalSection(SolutionProperties) = preSolution
		HideSolutionNode = FALSE
	EndGlobalSection
	GlobalSection(NestedProjects) = preSolution
		{D6E0B526-20D4-4B98-8140-C65D6EBB6D94} = {9BFDBA2A-687E-42A9-B7EF-8374EEF66BE7}
		{8A7BE42C-5139-45EF-B532-A99E45ABA613} = {CBDBE04D-3098-432B-B90E-B4BE55DAE664}
		{5CA96804-E0AE-4715-9C44-DA003CB462F2} = {9BFDBA2A-687E-42A9-B7EF-8374EEF66BE7}
		{1F5BBF1C-0981-4D60-8776-E5FF336A90CC} = {9BFDBA2A-687E-42A9-B7EF-8374EEF66BE7}
		{EEB0F685-F608-474E-8F99-2EAB249F525E} = {9BFDBA2A-687E-42A9-B7EF-8374EEF66BE7}
	EndGlobalSection
	GlobalSection(ExtensibilityGlobals) = postSolution
		SolutionGuid = {77426117-93D9-470A-AA2F-24D0C9C099E5}
	EndGlobalSection
EndGlobal
